
Microsoft Visual Studio Solution File, Format Version 12.00
# Visual Studio Version 16
VisualStudioVersion = 16.0.31424.327
MinimumVisualStudioVersion = 10.0.40219.1
Project("{9A19103F-16F7-4668-BE54-9A1E7A4F7556}") = "CHomework.Tests", "..\CHomework.Tests\CHomework.Tests.csproj", "{13991DB7-BB6D-4EC4-A053-F10EBFE72BA8}"
EndProject
Project("{FAE04EC0-301F-11D3-BF4B-00C04F79EFBC}") = "CHW", "..\CHW\CHW.csproj", "{E0F91C37-A058-4C56-B50B-57E35B4A7241}"
EndProject
Global
	GlobalSection(SolutionConfigurationPlatforms) = preSolution
		Debug|Any CPU = Debug|Any CPU
		Release|Any CPU = Release|Any CPU
	EndGlobalSection
	GlobalSection(ProjectConfigurationPlatforms) = postSolution
		{13991DB7-BB6D-4EC4-A053-F10EBFE72BA8}.Debug|Any CPU.ActiveCfg = Debug|Any CPU
		{13991DB7-BB6D-4EC4-A053-F10EBFE72BA8}.Debug|Any CPU.Build.0 = Debug|Any CPU
		{13991DB7-BB6D-4EC4-A053-F10EBFE72BA8}.Release|Any CPU.ActiveCfg = Release|Any CPU
		{13991DB7-BB6D-4EC4-A053-F10EBFE72BA8}.Release|Any CPU.Build.0 = Release|Any CPU
		{E0F91C37-A058-4C56-B50B-57E35B4A7241}.Debug|Any CPU.ActiveCfg = Debug|Any CPU
		{E0F91C37-A058-4C56-B50B-57E35B4A7241}.Debug|Any CPU.Build.0 = Debug|Any CPU
		{E0F91C37-A058-4C56-B50B-57E35B4A7241}.Release|Any CPU.ActiveCfg = Release|Any CPU
		{E0F91C37-A058-4C56-B50B-57E35B4A7241}.Release|Any CPU.Build.0 = Release|Any CPU
	EndGlobalSection
	GlobalSection(SolutionProperties) = preSolution
		HideSolutionNode = FALSE
	EndGlobalSection
	GlobalSection(ExtensibilityGlobals) = postSolution
		SolutionGuid = {5364E545-2AF5-4713-AEFC-1F15D0ECB1EC}
	EndGlobalSection
EndGlobal
